
Microsoft Visual Studio Solution File, Format Version 12.00
# Visual Studio Version 17
VisualStudioVersion = 17.2.32630.192
MinimumVisualStudioVersion = 10.0.40219.1
Project("{FAE04EC0-301F-11D3-BF4B-00C04F79EFBC}") = "Hotel_Reservation_App", "Hotel_Reservation_App\Hotel_Reservation_App.csproj", "{63313237-3310-473F-BA31-F3D46E5038AB}"
EndProject
Global
	GlobalSection(SolutionConfigurationPlatforms) = preSolution
		Debug|Any CPU = Debug|Any CPU
		Release|Any CPU = Release|Any CPU
	EndGlobalSection
	GlobalSection(ProjectConfigurationPlatforms) = postSolution
		{63313237-3310-473F-BA31-F3D46E5038AB}.Debug|Any CPU.ActiveCfg = Debug|Any CPU
		{63313237-3310-473F-BA31-F3D46E5038AB}.Debug|Any CPU.Build.0 = Debug|Any CPU
		{63313237-3310-473F-BA31-F3D46E5038AB}.Release|Any CPU.ActiveCfg = Release|Any CPU
		{63313237-3310-473F-BA31-F3D46E5038AB}.Release|Any CPU.Build.0 = Release|Any CPU
	EndGlobalSection
	GlobalSection(SolutionProperties) = preSolution
		HideSolutionNode = FALSE
	EndGlobalSection
	GlobalSection(ExtensibilityGlobals) = postSolution
		SolutionGuid = {DA32795A-2AF4-42E0-978F-F831AE29AAA8}
	EndGlobalSection
EndGlobal
